
Microsoft Visual Studio Solution File, Format Version 12.00
# Visual Studio 15
VisualStudioVersion = 15.0.28010.2026
MinimumVisualStudioVersion = 10.0.40219.1
Project("{FAE04EC0-301F-11D3-BF4B-00C04F79EFBC}") = "WpfApp1", "WpfApp1\WpfApp1.csproj", "{0BE1DDAC-D8A8-497B-8BA0-AE270CCD81F2}"
EndProject
Global
	GlobalSection(SolutionConfigurationPlatforms) = preSolution
		Debug|Any CPU = Debug|Any CPU
		Release|Any CPU = Release|Any CPU
	EndGlobalSection
	GlobalSection(ProjectConfigurationPlatforms) = postSolution
		{0BE1DDAC-D8A8-497B-8BA0-AE270CCD81F2}.Debug|Any CPU.ActiveCfg = Debug|Any CPU
		{0BE1DDAC-D8A8-497B-8BA0-AE270CCD81F2}.Debug|Any CPU.Build.0 = Debug|Any CPU
		{0BE1DDAC-D8A8-497B-8BA0-AE270CCD81F2}.Release|Any CPU.ActiveCfg = Release|Any CPU
		{0BE1DDAC-D8A8-497B-8BA0-AE270CCD81F2}.Release|Any CPU.Build.0 = Release|Any CPU
	EndGlobalSection
	GlobalSection(SolutionProperties) = preSolution
		HideSolutionNode = FALSE
	EndGlobalSection
	GlobalSection(ExtensibilityGlobals) = postSolution
		SolutionGuid = {BB1126D3-8D5C-42EE-A51B-7E0E73BD9391}
	EndGlobalSection
EndGlobal
